// !$*UTF8*$!
{
	archiveVersion = 1;
	classes = {
	};
	objectVersion = 46;
	objects = {

/* Begin PBXBuildFile section */
		88BB964C1F3DD9AF0063796E /* QuoteBank.swift in Sources */ = {isa = PBXBuildFile; fileRef = 88BB964B1F3DD9AF0063796E /* QuoteBank.swift */; };
		88C590BC1F3D296C007BD8C1 /* AppDelegate.swift in Sources */ = {isa = PBXBuildFile; fileRef = 88C590BB1F3D296C007BD8C1 /* AppDelegate.swift */; };
		88C590BE1F3D296C007BD8C1 /* ViewController.swift in Sources */ = {isa = PBXBuildFile; fileRef = 88C590BD1F3D296C007BD8C1 /* ViewController.swift */; };
		88C590C11F3D296C007BD8C1 /* Main.storyboard in Resources */ = {isa = PBXBuildFile; fileRef = 88C590BF1F3D296C007BD8C1 /* Main.storyboard */; };
		88C590C31F3D296C007BD8C1 /* Assets.xcassets in Resources */ = {isa = PBXBuildFile; fileRef = 88C590C21F3D296C007BD8C1 /* Assets.xcassets */; };
		88C590C61F3D296C007BD8C1 /* LaunchScreen.storyboard in Resources */ = {isa = PBXBuildFile; fileRef = 88C590C41F3D296C007BD8C1 /* LaunchScreen.storyboard */; };
/* End PBXBuildFile section */

/* Begin PBXFileReference section */
		88BB964B1F3DD9AF0063796E /* QuoteBank.swift */ = {isa = PBXFileReference; fileEncoding = 4; lastKnownFileType = sourcecode.swift; path = QuoteBank.swift; sourceTree = "<group>"; };
		88C590B81F3D296C007BD8C1 /* Quote Book.app */ = {isa = PBXFileReference; explicitFileType = wrapper.application; includeInIndex = 0; path = "Quote Book.app"; sourceTree = BUILT_PRODUCTS_DIR; };
		88C590BB1F3D296C007BD8C1 /* AppDelegate.swift */ = {isa = PBXFileReference; lastKnownFileType = sourcecode.swift; path = AppDelegate.swift; sourceTree = "<group>"; };
		88C590BD1F3D296C007BD8C1 /* ViewController.swift */ = {isa = PBXFileReference; lastKnownFileType = sourcecode.swift; path = ViewController.swift; sourceTree = "<group>"; };
		88C590C01F3D296C007BD8C1 /* Base */ = {isa = PBXFileReference; lastKnownFileType = file.storyboard; name = Base; path = Base.lproj/Main.storyboard; sourceTree = "<group>"; };
		88C590C21F3D296C007BD8C1 /* Assets.xcassets */ = {isa = PBXFileReference; lastKnownFileType = folder.assetcatalog; path = Assets.xcassets; sourceTree = "<group>"; };
		88C590C51F3D296C007BD8C1 /* Base */ = {isa = PBXFileReference; lastKnownFileType = file.storyboard; name = Base; path = Base.lproj/LaunchScreen.storyboard; sourceTree = "<group>"; };
		88C590C71F3D296C007BD8C1 /* Info.plist */ = {isa = PBXFileReference; lastKnownFileType = text.plist.xml; path = Info.plist; sourceTree = "<group>"; };
/* End PBXFileReference section */

/* Begin PBXFrameworksBuildPhase section */
		88C590B51F3D296C007BD8C1 /* Frameworks */ = {
			isa = PBXFrameworksBuildPhase;
			buildActionMask = 2147483647;
			files = (
			);
			runOnlyForDeploymentPostprocessing = 0;
		};
/* End PBXFrameworksBuildPhase section */

/* Begin PBXGroup section */
		88BB964D1F3DD9C60063796E /* Model */ = {
			isa = PBXGroup;
			children = (
				88BB964B1F3DD9AF0063796E /* QuoteBank.swift */,
			);
			name = Model;
			sourceTree = "<group>";
		};
		88BB964E1F3DD9E90063796E /* View */ = {
			isa = PBXGroup;
			children = (
				88C590BF1F3D296C007BD8C1 /* Main.storyboard */,
			);
			name = View;
			sourceTree = "<group>";
		};
		88BB964F1F3DD9FF0063796E /* Controller */ = {
			isa = PBXGroup;
			children = (
				88C590BD1F3D296C007BD8C1 /* ViewController.swift */,
			);
			name = Controller;
			sourceTree = "<group>";
		};
		88C590AF1F3D296C007BD8C1 = {
			isa = PBXGroup;
			children = (
				88C590BA1F3D296C007BD8C1 /* Quote Book */,
				88C590B91F3D296C007BD8C1 /* Products */,
			);
			sourceTree = "<group>";
		};
		88C590B91F3D296C007BD8C1 /* Products */ = {
			isa = PBXGroup;
			children = (
				88C590B81F3D296C007BD8C1 /* Quote Book.app */,
			);
			name = Products;
			sourceTree = "<group>";
		};
		88C590BA1F3D296C007BD8C1 /* Quote Book */ = {
			isa = PBXGroup;
			children = (
				88C590BB1F3D296C007BD8C1 /* AppDelegate.swift */,
				88BB964D1F3DD9C60063796E /* Model */,
				88BB964E1F3DD9E90063796E /* View */,
				88BB964F1F3DD9FF0063796E /* Controller */,
				88C590C21F3D296C007BD8C1 /* Assets.xcassets */,
				88C590C41F3D296C007BD8C1 /* LaunchScreen.storyboard */,
				88C590C71F3D296C007BD8C1 /* Info.plist */,
			);
			path = "Quote Book";
			sourceTree = "<group>";
		};
/* End PBXGroup section */

/* Begin PBXNativeTarget section */
		88C590B71F3D296C007BD8C1 /* Quote Book */ = {
			isa = PBXNativeTarget;
			buildConfigurationList = 88C590CA1F3D296C007BD8C1 /* Build configuration list for PBXNativeTarget "Quote Book" */;
			buildPhases = (
				88C590B41F3D296C007BD8C1 /* Sources */,
				88C590B51F3D296C007BD8C1 /* Frameworks */,
				88C590B61F3D296C007BD8C1 /* Resources */,
			);
			buildRules = (
			);
			dependencies = (
			);
			name = "Quote Book";
			productName = "Quote Book";
			productReference = 88C590B81F3D296C007BD8C1 /* Quote Book.app */;
			productType = "com.apple.product-type.application";
		};
/* End PBXNativeTarget section */

/* Begin PBXProject section */
		88C590B01F3D296C007BD8C1 /* Project object */ = {
			isa = PBXProject;
			attributes = {
				LastSwiftUpdateCheck = 0830;
				LastUpgradeCheck = 0830;
				ORGANIZATIONNAME = Appybuildmore;
				TargetAttributes = {
					88C590B71F3D296C007BD8C1 = {
						CreatedOnToolsVersion = 8.3.3;
						DevelopmentTeam = YRMU5C8C32;
						ProvisioningStyle = Automatic;
					};
				};
			};
			buildConfigurationList = 88C590B31F3D296C007BD8C1 /* Build configuration list for PBXProject "Quote Book" */;
			compatibilityVersion = "Xcode 3.2";
			developmentRegion = English;
			hasScannedForEncodings = 0;
			knownRegions = (
				en,
				Base,
			);
			mainGroup = 88C590AF1F3D296C007BD8C1;
			productRefGroup = 88C590B91F3D296C007BD8C1 /* Products */;
			projectDirPath = "";
			projectRoot = "";
			targets = (
				88C590B71F3D296C007BD8C1 /* Quote Book */,
			);
		};
/* End PBXProject section */

/* Begin PBXResourcesBuildPhase section */
		88C590B61F3D296C007BD8C1 /* Resources */ = {
			isa = PBXResourcesBuildPhase;
			buildActionMask = 2147483647;
			files = (
				88C590C61F3D296C007BD8C1 /* LaunchScreen.storyboard in Resources */,
				88C590C31F3D296C007BD8C1 /* Assets.xcassets in Resources */,
				88C590C11F3D296C007BD8C1 /* Main.storyboard in Resources */,
			);
			runOnlyForDeploymentPostprocessing = 0;
		};
/* End PBXResourcesBuildPhase section */

/* Begin PBXSourcesBuildPhase section */
		88C590B41F3D296C007BD8C1 /* Sources */ = {
			isa = PBXSourcesBuildPhase;
			buildActionMask = 2147483647;
			files = (
				88BB964C1F3DD9AF0063796E /* QuoteBank.swift in Sources */,
				88C590BE1F3D296C007BD8C1 /* ViewController.swift in Sources */,
				88C590BC1F3D296C007BD8C1 /* AppDelegate.swift in Sources */,
			);
			runOnlyForDeploymentPostprocessing = 0;
		};
/* End PBXSourcesBuildPhase section */

/* Begin PBXVariantGroup section */
		88C590BF1F3D296C007BD8C1 /* Main.storyboard */ = {
			isa = PBXVariantGroup;
			children = (
				88C590C01F3D296C007BD8C1 /* Base */,
			);
			name = Main.storyboard;
			sourceTree = "<group>";
		};
		88C590C41F3D296C007BD8C1 /* LaunchScreen.storyboard */ = {
			isa = PBXVariantGroup;
			children = (
				88C590C51F3D296C007BD8C1 /* Base */,
			);
			name = LaunchScreen.storyboard;
			sourceTree = "<group>";
		};
/* End PBXVariantGroup section */

/* Begin XCBuildConfiguration section */
		88C590C81F3D296C007BD8C1 /* Debug */ = {
			isa = XCBuildConfiguration;
			buildSettings = {
				ALWAYS_SEARCH_USER_PATHS = NO;
				CLANG_ANALYZER_NONNULL = YES;
				CLANG_ANALYZER_NUMBER_OBJECT_CONVERSION = YES_AGGRESSIVE;
				CLANG_CXX_LANGUAGE_STANDARD = "gnu++0x";
				CLANG_CXX_LIBRARY = "libc++";
				CLANG_ENABLE_MODULES = YES;
				CLANG_ENABLE_OBJC_ARC = YES;
				CLANG_WARN_BOOL_CONVERSION = YES;
				CLANG_WARN_CONSTANT_CONVERSION = YES;
				CLANG_WARN_DIRECT_OBJC_ISA_USAGE = YES_ERROR;
				CLANG_WARN_DOCUMENTATION_COMMENTS = YES;
				CLANG_WARN_EMPTY_BODY = YES;
				CLANG_WARN_ENUM_CONVERSION = YES;
				CLANG_WARN_INFINITE_RECURSION = YES;
				CLANG_WARN_INT_CONVERSION = YES;
				CLANG_WARN_OBJC_ROOT_CLASS = YES_ERROR;
				CLANG_WARN_SUSPICIOUS_MOVE = YES;
				CLANG_WARN_UNREACHABLE_CODE = YES;
				CLANG_WARN__DUPLICATE_METHOD_MATCH = YES;
				"CODE_SIGN_IDENTITY[sdk=iphoneos*]" = "iPhone Developer";
				COPY_PHASE_STRIP = NO;
				DEBUG_INFORMATION_FORMAT = dwarf;
				ENABLE_STRICT_OBJC_MSGSEND = YES;
				ENABLE_TESTABILITY = YES;
				GCC_C_LANGUAGE_STANDARD = gnu99;
				GCC_DYNAMIC_NO_PIC = NO;
				GCC_NO_COMMON_BLOCKS = YES;
				GCC_OPTIMIZATION_LEVEL = 0;
				GCC_PREPROCESSOR_DEFINITIONS = (
					"DEBUG=1",
					"$(inherited)",
				);
				GCC_WARN_64_TO_32_BIT_CONVERSION = YES;
				GCC_WARN_ABOUT_RETURN_TYPE = YES_ERROR;
				GCC_WARN_UNDECLARED_SELECTOR = YES;
				GCC_WARN_UNINITIALIZED_AUTOS = YES_AGGRESSIVE;
				GCC_WARN_UNUSED_FUNCTION = YES;
				GCC_WARN_UNUSED_VARIABLE = YES;
				IPHONEOS_DEPLOYMENT_TARGET = 10.3;
				MTL_ENABLE_DEBUG_INFO = YES;
				ONLY_ACTIVE_ARCH = YES;
				SDKROOT = iphoneos;
				SWIFT_ACTIVE_COMPILATION_CONDITIONS = DEBUG;
				SWIFT_OPTIMIZATION_LEVEL = "-Onone";
			};
			name = Debug;
		};
		88C590C91F3D296C007BD8C1 /* Release */ = {
			isa = XCBuildConfiguration;
			buildSettings = {
				ALWAYS_SEARCH_USER_PATHS = NO;
				CLANG_ANALYZER_NONNULL = YES;
				CLANG_ANALYZER_NUMBER_OBJECT_CONVERSION = YES_AGGRESSIVE;
				CLANG_CXX_LANGUAGE_STANDARD = "gnu++0x";
				CLANG_CXX_LIBRARY = "libc++";
				CLANG_ENABLE_MODULES = YES;
				CLANG_ENABLE_OBJC_ARC = YES;
				CLANG_WARN_BOOL_CONVERSION = YES;
				CLANG_WARN_CONSTANT_CONVERSION = YES;
				CLANG_WARN_DIRECT_OBJC_ISA_USAGE = YES_ERROR;
				CLANG_WARN_DOCUMENTATION_COMMENTS = YES;
				CLANG_WARN_EMPTY_BODY = YES;
				CLANG_WARN_ENUM_CONVERSION = YES;
				CLANG_WARN_INFINITE_RECURSION = YES;
				CLANG_WARN_INT_CONVERSION = YES;
				CLANG_WARN_OBJC_ROOT_CLASS = YES_ERROR;
				CLANG_WARN_SUSPICIOUS_MOVE = YES;
				CLANG_WARN_UNREACHABLE_CODE = YES;
				CLANG_WARN__DUPLICATE_METHOD_MATCH = YES;
				"CODE_SIGN_IDENTITY[sdk=iphoneos*]" = "iPhone Developer";
				COPY_PHASE_STRIP = NO;
				DEBUG_INFORMATION_FORMAT = "dwarf-with-dsym";
				ENABLE_NS_ASSERTIONS = NO;
				ENABLE_STRICT_OBJC_MSGSEND = YES;
				GCC_C_LANGUAGE_STANDARD = gnu99;
				GCC_NO_COMMON_BLOCKS = YES;
				GCC_WARN_64_TO_32_BIT_CONVERSION = YES;
				GCC_WARN_ABOUT_RETURN_TYPE = YES_ERROR;
				GCC_WARN_UNDECLARED_SELECTOR = YES;
				GCC_WARN_UNINITIALIZED_AUTOS = YES_AGGRESSIVE;
				GCC_WARN_UNUSED_FUNCTION = YES;
				GCC_WARN_UNUSED_VARIABLE = YES;
				IPHONEOS_DEPLOYMENT_TARGET = 10.3;
				MTL_ENABLE_DEBUG_INFO = NO;
				SDKROOT = iphoneos;
				SWIFT_OPTIMIZATION_LEVEL = "-Owholemodule";
				VALIDATE_PRODUCT = YES;
			};
			name = Release;
		};
		88C590CB1F3D296C007BD8C1 /* Debug */ = {
			isa = XCBuildConfiguration;
			buildSettings = {
				ASSETCATALOG_COMPILER_APPICON_NAME = AppIcon;
				DEVELOPMENT_TEAM = YRMU5C8C32;
				INFOPLIST_FILE = "Quote Book/Info.plist";
				LD_RUNPATH_SEARCH_PATHS = "$(inherited) @executable_path/Frameworks";
				PRODUCT_BUNDLE_IDENTIFIER = "com.appybuildmore.Quote-Book";
				PRODUCT_NAME = "$(TARGET_NAME)";
				SWIFT_VERSION = 3.0;
			};
			name = Debug;
		};
		88C590CC1F3D296C007BD8C1 /* Release */ = {
			isa = XCBuildConfiguration;
			buildSettings = {
				ASSETCATALOG_COMPILER_APPICON_NAME = AppIcon;
				DEVELOPMENT_TEAM = YRMU5C8C32;
				INFOPLIST_FILE = "Quote Book/Info.plist";
				LD_RUNPATH_SEARCH_PATHS = "$(inherited) @executable_path/Frameworks";
				PRODUCT_BUNDLE_IDENTIFIER = "com.appybuildmore.Quote-Book";
				PRODUCT_NAME = "$(TARGET_NAME)";
				SWIFT_VERSION = 3.0;
			};
			name = Release;
		};
/* End XCBuildConfiguration section */

/* Begin XCConfigurationList section */
		88C590B31F3D296C007BD8C1 /* Build configuration list for PBXProject "Quote Book" */ = {
			isa = XCConfigurationList;
			buildConfigurations = (
				88C590C81F3D296C007BD8C1 /* Debug */,
				88C590C91F3D296C007BD8C1 /* Release */,
			);
			defaultConfigurationIsVisible = 0;
			defaultConfigurationName = Release;
		};
		88C590CA1F3D296C007BD8C1 /* Build configuration list for PBXNativeTarget "Quote Book" */ = {
			isa = XCConfigurationList;
			buildConfigurations = (
				88C590CB1F3D296C007BD8C1 /* Debug */,
				88C590CC1F3D296C007BD8C1 /* Release */,
			);
			defaultConfigurationIsVisible = 0;
			defaultConfigurationName = Release;
		};
/* End XCConfigurationList section */
	};
	rootObject = 88C590B01F3D296C007BD8C1 /* Project object */;
}
